// !$*UTF8*$!
{
	archiveVersion = 1;
	classes = {
	};
	objectVersion = 50;
	objects = {

/* Begin PBXBuildFile section */
		1E1B4C4121F7469E00BC3BD0 /* AppDelegate.swift in Sources */ = {isa = PBXBuildFile; fileRef = 1E1B4C4021F7469E00BC3BD0 /* AppDelegate.swift */; };
		1E1B4C4321F7469E00BC3BD0 /* ViewController.swift in Sources */ = {isa = PBXBuildFile; fileRef = 1E1B4C4221F7469E00BC3BD0 /* ViewController.swift */; };
		1E1B4C4621F7469E00BC3BD0 /* Main.storyboard in Resources */ = {isa = PBXBuildFile; fileRef = 1E1B4C4421F7469E00BC3BD0 /* Main.storyboard */; };
		1E1B4C4821F746A000BC3BD0 /* Assets.xcassets in Resources */ = {isa = PBXBuildFile; fileRef = 1E1B4C4721F746A000BC3BD0 /* Assets.xcassets */; };
		1E1B4C4B21F746A000BC3BD0 /* LaunchScreen.storyboard in Resources */ = {isa = PBXBuildFile; fileRef = 1E1B4C4921F746A000BC3BD0 /* LaunchScreen.storyboard */; };
		1E1B4C5321F75B5900BC3BD0 /* NameAndColorCell.swift in Sources */ = {isa = PBXBuildFile; fileRef = 1E1B4C5221F75B5900BC3BD0 /* NameAndColorCell.swift */; };
		1E1B4C5521F8B06000BC3BD0 /* NameAndColorCell.xib in Resources */ = {isa = PBXBuildFile; fileRef = 1E1B4C5421F8B06000BC3BD0 /* NameAndColorCell.xib */; };
		1E1B4C5721F8B38900BC3BD0 /* sortednames.plist in Resources */ = {isa = PBXBuildFile; fileRef = 1E1B4C5621F8B38900BC3BD0 /* sortednames.plist */; };
		1E1B4C5921F8BB0C00BC3BD0 /* SearchResultsController.swift in Sources */ = {isa = PBXBuildFile; fileRef = 1E1B4C5821F8BB0C00BC3BD0 /* SearchResultsController.swift */; };
/* End PBXBuildFile section */

/* Begin PBXFileReference section */
		1E1B4C3D21F7469E00BC3BD0 /* Simple Table.app */ = {isa = PBXFileReference; explicitFileType = wrapper.application; includeInIndex = 0; path = "Simple Table.app"; sourceTree = BUILT_PRODUCTS_DIR; };
		1E1B4C4021F7469E00BC3BD0 /* AppDelegate.swift */ = {isa = PBXFileReference; lastKnownFileType = sourcecode.swift; path = AppDelegate.swift; sourceTree = "<group>"; };
		1E1B4C4221F7469E00BC3BD0 /* ViewController.swift */ = {isa = PBXFileReference; lastKnownFileType = sourcecode.swift; path = ViewController.swift; sourceTree = "<group>"; };
		1E1B4C4521F7469E00BC3BD0 /* Base */ = {isa = PBXFileReference; lastKnownFileType = file.storyboard; name = Base; path = Base.lproj/Main.storyboard; sourceTree = "<group>"; };
		1E1B4C4721F746A000BC3BD0 /* Assets.xcassets */ = {isa = PBXFileReference; lastKnownFileType = folder.assetcatalog; path = Assets.xcassets; sourceTree = "<group>"; };
		1E1B4C4A21F746A000BC3BD0 /* Base */ = {isa = PBXFileReference; lastKnownFileType = file.storyboard; name = Base; path = Base.lproj/LaunchScreen.storyboard; sourceTree = "<group>"; };
		1E1B4C4C21F746A000BC3BD0 /* Info.plist */ = {isa = PBXFileReference; lastKnownFileType = text.plist.xml; path = Info.plist; sourceTree = "<group>"; };
		1E1B4C5221F75B5900BC3BD0 /* NameAndColorCell.swift */ = {isa = PBXFileReference; lastKnownFileType = sourcecode.swift; path = NameAndColorCell.swift; sourceTree = "<group>"; };
		1E1B4C5421F8B06000BC3BD0 /* NameAndColorCell.xib */ = {isa = PBXFileReference; lastKnownFileType = file.xib; path = NameAndColorCell.xib; sourceTree = "<group>"; };
		1E1B4C5621F8B38900BC3BD0 /* sortednames.plist */ = {isa = PBXFileReference; fileEncoding = 4; lastKnownFileType = text.plist.xml; path = sortednames.plist; sourceTree = "<group>"; };
		1E1B4C5821F8BB0C00BC3BD0 /* SearchResultsController.swift */ = {isa = PBXFileReference; lastKnownFileType = sourcecode.swift; path = SearchResultsController.swift; sourceTree = "<group>"; };
/* End PBXFileReference section */

/* Begin PBXFrameworksBuildPhase section */
		1E1B4C3A21F7469E00BC3BD0 /* Frameworks */ = {
			isa = PBXFrameworksBuildPhase;
			buildActionMask = 2147483647;
			files = (
			);
			runOnlyForDeploymentPostprocessing = 0;
		};
/* End PBXFrameworksBuildPhase section */

/* Begin PBXGroup section */
		1E1B4C3421F7469E00BC3BD0 = {
			isa = PBXGroup;
			children = (
				1E1B4C3F21F7469E00BC3BD0 /* Simple Table */,
				1E1B4C3E21F7469E00BC3BD0 /* Products */,
			);
			sourceTree = "<group>";
		};
		1E1B4C3E21F7469E00BC3BD0 /* Products */ = {
			isa = PBXGroup;
			children = (
				1E1B4C3D21F7469E00BC3BD0 /* Simple Table.app */,
			);
			name = Products;
			sourceTree = "<group>";
		};
		1E1B4C3F21F7469E00BC3BD0 /* Simple Table */ = {
			isa = PBXGroup;
			children = (
				1E1B4C4021F7469E00BC3BD0 /* AppDelegate.swift */,
				1E1B4C4221F7469E00BC3BD0 /* ViewController.swift */,
				1E1B4C4421F7469E00BC3BD0 /* Main.storyboard */,
				1E1B4C4721F746A000BC3BD0 /* Assets.xcassets */,
				1E1B4C4921F746A000BC3BD0 /* LaunchScreen.storyboard */,
				1E1B4C4C21F746A000BC3BD0 /* Info.plist */,
				1E1B4C5621F8B38900BC3BD0 /* sortednames.plist */,
				1E1B4C5221F75B5900BC3BD0 /* NameAndColorCell.swift */,
				1E1B4C5421F8B06000BC3BD0 /* NameAndColorCell.xib */,
				1E1B4C5821F8BB0C00BC3BD0 /* SearchResultsController.swift */,
			);
			path = "Simple Table";
			sourceTree = "<group>";
		};
/* End PBXGroup section */

/* Begin PBXNativeTarget section */
		1E1B4C3C21F7469E00BC3BD0 /* Simple Table */ = {
			isa = PBXNativeTarget;
			buildConfigurationList = 1E1B4C4F21F746A000BC3BD0 /* Build configuration list for PBXNativeTarget "Simple Table" */;
			buildPhases = (
				1E1B4C3921F7469E00BC3BD0 /* Sources */,
				1E1B4C3A21F7469E00BC3BD0 /* Frameworks */,
				1E1B4C3B21F7469E00BC3BD0 /* Resources */,
			);
			buildRules = (
			);
			dependencies = (
			);
			name = "Simple Table";
			productName = "Simple Table";
			productReference = 1E1B4C3D21F7469E00BC3BD0 /* Simple Table.app */;
			productType = "com.apple.product-type.application";
		};
/* End PBXNativeTarget section */

/* Begin PBXProject section */
		1E1B4C3521F7469E00BC3BD0 /* Project object */ = {
			isa = PBXProject;
			attributes = {
				LastSwiftUpdateCheck = 1010;
				LastUpgradeCheck = 1010;
				ORGANIZATIONNAME = feihuihui;
				TargetAttributes = {
					1E1B4C3C21F7469E00BC3BD0 = {
						CreatedOnToolsVersion = 10.1;
					};
				};
			};
			buildConfigurationList = 1E1B4C3821F7469E00BC3BD0 /* Build configuration list for PBXProject "Simple Table" */;
			compatibilityVersion = "Xcode 9.3";
			developmentRegion = en;
			hasScannedForEncodings = 0;
			knownRegions = (
				en,
				Base,
			);
			mainGroup = 1E1B4C3421F7469E00BC3BD0;
			productRefGroup = 1E1B4C3E21F7469E00BC3BD0 /* Products */;
			projectDirPath = "";
			projectRoot = "";
			targets = (
				1E1B4C3C21F7469E00BC3BD0 /* Simple Table */,
			);
		};
/* End PBXProject section */

/* Begin PBXResourcesBuildPhase section */
		1E1B4C3B21F7469E00BC3BD0 /* Resources */ = {
			isa = PBXResourcesBuildPhase;
			buildActionMask = 2147483647;
			files = (
				1E1B4C5521F8B06000BC3BD0 /* NameAndColorCell.xib in Resources */,
				1E1B4C4B21F746A000BC3BD0 /* LaunchScreen.storyboard in Resources */,
				1E1B4C5721F8B38900BC3BD0 /* sortednames.plist in Resources */,
				1E1B4C4821F746A000BC3BD0 /* Assets.xcassets in Resources */,
				1E1B4C4621F7469E00BC3BD0 /* Main.storyboard in Resources */,
			);
			runOnlyForDeploymentPostprocessing = 0;
		};
/* End PBXResourcesBuildPhase section */

/* Begin PBXSourcesBuildPhase section */
		1E1B4C3921F7469E00BC3BD0 /* Sources */ = {
			isa = PBXSourcesBuildPhase;
			buildActionMask = 2147483647;
			files = (
				1E1B4C5921F8BB0C00BC3BD0 /* SearchResultsController.swift in Sources */,
				1E1B4C5321F75B5900BC3BD0 /* NameAndColorCell.swift in Sources */,
				1E1B4C4321F7469E00BC3BD0 /* ViewController.swift in Sources */,
				1E1B4C4121F7469E00BC3BD0 /* AppDelegate.swift in Sources */,
			);
			runOnlyForDeploymentPostprocessing = 0;
		};
/* End PBXSourcesBuildPhase section */

/* Begin PBXVariantGroup section */
		1E1B4C4421F7469E00BC3BD0 /* Main.storyboard */ = {
			isa = PBXVariantGroup;
			children = (
				1E1B4C4521F7469E00BC3BD0 /* Base */,
			);
			name = Main.storyboard;
			sourceTree = "<group>";
		};
		1E1B4C4921F746A000BC3BD0 /* LaunchScreen.storyboard */ = {
			isa = PBXVariantGroup;
			children = (
				1E1B4C4A21F746A000BC3BD0 /* Base */,
			);
			name = LaunchScreen.storyboard;
			sourceTree = "<group>";
		};
/* End PBXVariantGroup section */

/* Begin XCBuildConfiguration section */
		1E1B4C4D21F746A000BC3BD0 /* Debug */ = {
			isa = XCBuildConfiguration;
			buildSettings = {
				ALWAYS_SEARCH_USER_PATHS = NO;
				CLANG_ANALYZER_NONNULL = YES;
				CLANG_ANALYZER_NUMBER_OBJECT_CONVERSION = YES_AGGRESSIVE;
				CLANG_CXX_LANGUAGE_STANDARD = "gnu++14";
				CLANG_CXX_LIBRARY = "libc++";
				CLANG_ENABLE_MODULES = YES;
				CLANG_ENABLE_OBJC_ARC = YES;
				CLANG_ENABLE_OBJC_WEAK = YES;
				CLANG_WARN_BLOCK_CAPTURE_AUTORELEASING = YES;
				CLANG_WARN_BOOL_CONVERSION = YES;
				CLANG_WARN_COMMA = YES;
				CLANG_WARN_CONSTANT_CONVERSION = YES;
				CLANG_WARN_DEPRECATED_OBJC_IMPLEMENTATIONS = YES;
				CLANG_WARN_DIRECT_OBJC_ISA_USAGE = YES_ERROR;
				CLANG_WARN_DOCUMENTATION_COMMENTS = YES;
				CLANG_WARN_EMPTY_BODY = YES;
				CLANG_WARN_ENUM_CONVERSION = YES;
				CLANG_WARN_INFINITE_RECURSION = YES;
				CLANG_WARN_INT_CONVERSION = YES;
				CLANG_WARN_NON_LITERAL_NULL_CONVERSION = YES;
				CLANG_WARN_OBJC_IMPLICIT_RETAIN_SELF = YES;
				CLANG_WARN_OBJC_LITERAL_CONVERSION = YES;
				CLANG_WARN_OBJC_ROOT_CLASS = YES_ERROR;
				CLANG_WARN_RANGE_LOOP_ANALYSIS = YES;
				CLANG_WARN_STRICT_PROTOTYPES = YES;
				CLANG_WARN_SUSPICIOUS_MOVE = YES;
				CLANG_WARN_UNGUARDED_AVAILABILITY = YES_AGGRESSIVE;
				CLANG_WARN_UNREACHABLE_CODE = YES;
				CLANG_WARN__DUPLICATE_METHOD_MATCH = YES;
				CODE_SIGN_IDENTITY = "iPhone Developer";
				COPY_PHASE_STRIP = NO;
				DEBUG_INFORMATION_FORMAT = dwarf;
				ENABLE_STRICT_OBJC_MSGSEND = YES;
				ENABLE_TESTABILITY = YES;
				GCC_C_LANGUAGE_STANDARD = gnu11;
				GCC_DYNAMIC_NO_PIC = NO;
				GCC_NO_COMMON_BLOCKS = YES;
				GCC_OPTIMIZATION_LEVEL = 0;
				GCC_PREPROCESSOR_DEFINITIONS = (
					"DEBUG=1",
					"$(inherited)",
				);
				GCC_WARN_64_TO_32_BIT_CONVERSION = YES;
				GCC_WARN_ABOUT_RETURN_TYPE = YES_ERROR;
				GCC_WARN_UNDECLARED_SELECTOR = YES;
				GCC_WARN_UNINITIALIZED_AUTOS = YES_AGGRESSIVE;
				GCC_WARN_UNUSED_FUNCTION = YES;
				GCC_WARN_UNUSED_VARIABLE = YES;
				IPHONEOS_DEPLOYMENT_TARGET = 12.1;
				MTL_ENABLE_DEBUG_INFO = INCLUDE_SOURCE;
				MTL_FAST_MATH = YES;
				ONLY_ACTIVE_ARCH = YES;
				SDKROOT = iphoneos;
				SWIFT_ACTIVE_COMPILATION_CONDITIONS = DEBUG;
				SWIFT_OPTIMIZATION_LEVEL = "-Onone";
			};
			name = Debug;
		};
		1E1B4C4E21F746A000BC3BD0 /* Release */ = {
			isa = XCBuildConfiguration;
			buildSettings = {
				ALWAYS_SEARCH_USER_PATHS = NO;
				CLANG_ANALYZER_NONNULL = YES;
				CLANG_ANALYZER_NUMBER_OBJECT_CONVERSION = YES_AGGRESSIVE;
				CLANG_CXX_LANGUAGE_STANDARD = "gnu++14";
				CLANG_CXX_LIBRARY = "libc++";
				CLANG_ENABLE_MODULES = YES;
				CLANG_ENABLE_OBJC_ARC = YES;
				CLANG_ENABLE_OBJC_WEAK = YES;
				CLANG_WARN_BLOCK_CAPTURE_AUTORELEASING = YES;
				CLANG_WARN_BOOL_CONVERSION = YES;
				CLANG_WARN_COMMA = YES;
				CLANG_WARN_CONSTANT_CONVERSION = YES;
				CLANG_WARN_DEPRECATED_OBJC_IMPLEMENTATIONS = YES;
				CLANG_WARN_DIRECT_OBJC_ISA_USAGE = YES_ERROR;
				CLANG_WARN_DOCUMENTATION_COMMENTS = YES;
				CLANG_WARN_EMPTY_BODY = YES;
				CLANG_WARN_ENUM_CONVERSION = YES;
				CLANG_WARN_INFINITE_RECURSION = YES;
				CLANG_WARN_INT_CONVERSION = YES;
				CLANG_WARN_NON_LITERAL_NULL_CONVERSION = YES;
				CLANG_WARN_OBJC_IMPLICIT_RETAIN_SELF = YES;
				CLANG_WARN_OBJC_LITERAL_CONVERSION = YES;
				CLANG_WARN_OBJC_ROOT_CLASS = YES_ERROR;
				CLANG_WARN_RANGE_LOOP_ANALYSIS = YES;
				CLANG_WARN_STRICT_PROTOTYPES = YES;
				CLANG_WARN_SUSPICIOUS_MOVE = YES;
				CLANG_WARN_UNGUARDED_AVAILABILITY = YES_AGGRESSIVE;
				CLANG_WARN_UNREACHABLE_CODE = YES;
				CLANG_WARN__DUPLICATE_METHOD_MATCH = YES;
				CODE_SIGN_IDENTITY = "iPhone Developer";
				COPY_PHASE_STRIP = NO;
				DEBUG_INFORMATION_FORMAT = "dwarf-with-dsym";
				ENABLE_NS_ASSERTIONS = NO;
				ENABLE_STRICT_OBJC_MSGSEND = YES;
				GCC_C_LANGUAGE_STANDARD = gnu11;
				GCC_NO_COMMON_BLOCKS = YES;
				GCC_WARN_64_TO_32_BIT_CONVERSION = YES;
				GCC_WARN_ABOUT_RETURN_TYPE = YES_ERROR;
				GCC_WARN_UNDECLARED_SELECTOR = YES;
				GCC_WARN_UNINITIALIZED_AUTOS = YES_AGGRESSIVE;
				GCC_WARN_UNUSED_FUNCTION = YES;
				GCC_WARN_UNUSED_VARIABLE = YES;
				IPHONEOS_DEPLOYMENT_TARGET = 12.1;
				MTL_ENABLE_DEBUG_INFO = NO;
				MTL_FAST_MATH = YES;
				SDKROOT = iphoneos;
				SWIFT_COMPILATION_MODE = wholemodule;
				SWIFT_OPTIMIZATION_LEVEL = "-O";
				VALIDATE_PRODUCT = YES;
			};
			name = Release;
		};
		1E1B4C5021F746A000BC3BD0 /* Debug */ = {
			isa = XCBuildConfiguration;
			buildSettings = {
				ASSETCATALOG_COMPILER_APPICON_NAME = AppIcon;
				CODE_SIGN_STYLE = Automatic;
				DEVELOPMENT_TEAM = M9LW8Y5MSJ;
				INFOPLIST_FILE = "Simple Table/Info.plist";
				LD_RUNPATH_SEARCH_PATHS = (
					"$(inherited)",
					"@executable_path/Frameworks",
				);
				PRODUCT_BUNDLE_IDENTIFIER = "org.feihuihui.Simple-Table";
				PRODUCT_NAME = "$(TARGET_NAME)";
				SWIFT_VERSION = 4.2;
				TARGETED_DEVICE_FAMILY = "1,2";
			};
			name = Debug;
		};
		1E1B4C5121F746A000BC3BD0 /* Release */ = {
			isa = XCBuildConfiguration;
			buildSettings = {
				ASSETCATALOG_COMPILER_APPICON_NAME = AppIcon;
				CODE_SIGN_STYLE = Automatic;
				DEVELOPMENT_TEAM = M9LW8Y5MSJ;
				INFOPLIST_FILE = "Simple Table/Info.plist";
				LD_RUNPATH_SEARCH_PATHS = (
					"$(inherited)",
					"@executable_path/Frameworks",
				);
				PRODUCT_BUNDLE_IDENTIFIER = "org.feihuihui.Simple-Table";
				PRODUCT_NAME = "$(TARGET_NAME)";
				SWIFT_VERSION = 4.2;
				TARGETED_DEVICE_FAMILY = "1,2";
			};
			name = Release;
		};
/* End XCBuildConfiguration section */

/* Begin XCConfigurationList section */
		1E1B4C3821F7469E00BC3BD0 /* Build configuration list for PBXProject "Simple Table" */ = {
			isa = XCConfigurationList;
			buildConfigurations = (
				1E1B4C4D21F746A000BC3BD0 /* Debug */,
				1E1B4C4E21F746A000BC3BD0 /* Release */,
			);
			defaultConfigurationIsVisible = 0;
			defaultConfigurationName = Release;
		};
		1E1B4C4F21F746A000BC3BD0 /* Build configuration list for PBXNativeTarget "Simple Table" */ = {
			isa = XCConfigurationList;
			buildConfigurations = (
				1E1B4C5021F746A000BC3BD0 /* Debug */,
				1E1B4C5121F746A000BC3BD0 /* Release */,
			);
			defaultConfigurationIsVisible = 0;
			defaultConfigurationName = Release;
		};
/* End XCConfigurationList section */
	};
	rootObject = 1E1B4C3521F7469E00BC3BD0 /* Project object */;
}
