// !$*UTF8*$!
{
	archiveVersion = 1;
	classes = {
	};
	objectVersion = 50;
	objects = {

/* Begin PBXBuildFile section */
		1E25959B21FC4707004DE4FC /* AppDelegate.swift in Sources */ = {isa = PBXBuildFile; fileRef = 1E25959A21FC4707004DE4FC /* AppDelegate.swift */; };
		1E25959D21FC4707004DE4FC /* ViewController.swift in Sources */ = {isa = PBXBuildFile; fileRef = 1E25959C21FC4707004DE4FC /* ViewController.swift */; };
		1E2595A021FC4707004DE4FC /* Main.storyboard in Resources */ = {isa = PBXBuildFile; fileRef = 1E25959E21FC4707004DE4FC /* Main.storyboard */; };
		1E2595A221FC4708004DE4FC /* Assets.xcassets in Resources */ = {isa = PBXBuildFile; fileRef = 1E2595A121FC4708004DE4FC /* Assets.xcassets */; };
		1E2595A521FC4708004DE4FC /* LaunchScreen.storyboard in Resources */ = {isa = PBXBuildFile; fileRef = 1E2595A321FC4708004DE4FC /* LaunchScreen.storyboard */; };
		1E2595AD21FC5136004DE4FC /* FavoritesList.swift in Sources */ = {isa = PBXBuildFile; fileRef = 1E2595AC21FC5136004DE4FC /* FavoritesList.swift */; };
		1E2595AF21FC58FD004DE4FC /* RootViewController.swift in Sources */ = {isa = PBXBuildFile; fileRef = 1E2595AE21FC58FD004DE4FC /* RootViewController.swift */; };
		1E2595B121FC8D2B004DE4FC /* FontListViewController.swift in Sources */ = {isa = PBXBuildFile; fileRef = 1E2595B021FC8D2B004DE4FC /* FontListViewController.swift */; };
		1E2595B321FCA3AF004DE4FC /* FontSizesViewController.swift in Sources */ = {isa = PBXBuildFile; fileRef = 1E2595B221FCA3AF004DE4FC /* FontSizesViewController.swift */; };
		1E2595B521FCA58D004DE4FC /* FontInfoViewController.swift in Sources */ = {isa = PBXBuildFile; fileRef = 1E2595B421FCA58D004DE4FC /* FontInfoViewController.swift */; };
/* End PBXBuildFile section */

/* Begin PBXFileReference section */
		1E25959721FC4707004DE4FC /* Fonts.app */ = {isa = PBXFileReference; explicitFileType = wrapper.application; includeInIndex = 0; path = Fonts.app; sourceTree = BUILT_PRODUCTS_DIR; };
		1E25959A21FC4707004DE4FC /* AppDelegate.swift */ = {isa = PBXFileReference; lastKnownFileType = sourcecode.swift; path = AppDelegate.swift; sourceTree = "<group>"; };
		1E25959C21FC4707004DE4FC /* ViewController.swift */ = {isa = PBXFileReference; lastKnownFileType = sourcecode.swift; path = ViewController.swift; sourceTree = "<group>"; };
		1E25959F21FC4707004DE4FC /* Base */ = {isa = PBXFileReference; lastKnownFileType = file.storyboard; name = Base; path = Base.lproj/Main.storyboard; sourceTree = "<group>"; };
		1E2595A121FC4708004DE4FC /* Assets.xcassets */ = {isa = PBXFileReference; lastKnownFileType = folder.assetcatalog; path = Assets.xcassets; sourceTree = "<group>"; };
		1E2595A421FC4708004DE4FC /* Base */ = {isa = PBXFileReference; lastKnownFileType = file.storyboard; name = Base; path = Base.lproj/LaunchScreen.storyboard; sourceTree = "<group>"; };
		1E2595A621FC4708004DE4FC /* Info.plist */ = {isa = PBXFileReference; lastKnownFileType = text.plist.xml; path = Info.plist; sourceTree = "<group>"; };
		1E2595AC21FC5136004DE4FC /* FavoritesList.swift */ = {isa = PBXFileReference; lastKnownFileType = sourcecode.swift; path = FavoritesList.swift; sourceTree = "<group>"; };
		1E2595AE21FC58FD004DE4FC /* RootViewController.swift */ = {isa = PBXFileReference; lastKnownFileType = sourcecode.swift; path = RootViewController.swift; sourceTree = "<group>"; };
		1E2595B021FC8D2B004DE4FC /* FontListViewController.swift */ = {isa = PBXFileReference; lastKnownFileType = sourcecode.swift; path = FontListViewController.swift; sourceTree = "<group>"; };
		1E2595B221FCA3AF004DE4FC /* FontSizesViewController.swift */ = {isa = PBXFileReference; lastKnownFileType = sourcecode.swift; path = FontSizesViewController.swift; sourceTree = "<group>"; };
		1E2595B421FCA58D004DE4FC /* FontInfoViewController.swift */ = {isa = PBXFileReference; lastKnownFileType = sourcecode.swift; path = FontInfoViewController.swift; sourceTree = "<group>"; };
/* End PBXFileReference section */

/* Begin PBXFrameworksBuildPhase section */
		1E25959421FC4707004DE4FC /* Frameworks */ = {
			isa = PBXFrameworksBuildPhase;
			buildActionMask = 2147483647;
			files = (
			);
			runOnlyForDeploymentPostprocessing = 0;
		};
/* End PBXFrameworksBuildPhase section */

/* Begin PBXGroup section */
		1E25958E21FC4707004DE4FC = {
			isa = PBXGroup;
			children = (
				1E25959921FC4707004DE4FC /* Fonts */,
				1E25959821FC4707004DE4FC /* Products */,
			);
			sourceTree = "<group>";
		};
		1E25959821FC4707004DE4FC /* Products */ = {
			isa = PBXGroup;
			children = (
				1E25959721FC4707004DE4FC /* Fonts.app */,
			);
			name = Products;
			sourceTree = "<group>";
		};
		1E25959921FC4707004DE4FC /* Fonts */ = {
			isa = PBXGroup;
			children = (
				1E25959A21FC4707004DE4FC /* AppDelegate.swift */,
				1E25959C21FC4707004DE4FC /* ViewController.swift */,
				1E25959E21FC4707004DE4FC /* Main.storyboard */,
				1E2595A121FC4708004DE4FC /* Assets.xcassets */,
				1E2595A321FC4708004DE4FC /* LaunchScreen.storyboard */,
				1E2595A621FC4708004DE4FC /* Info.plist */,
				1E2595AC21FC5136004DE4FC /* FavoritesList.swift */,
				1E2595AE21FC58FD004DE4FC /* RootViewController.swift */,
				1E2595B021FC8D2B004DE4FC /* FontListViewController.swift */,
				1E2595B221FCA3AF004DE4FC /* FontSizesViewController.swift */,
				1E2595B421FCA58D004DE4FC /* FontInfoViewController.swift */,
			);
			path = Fonts;
			sourceTree = "<group>";
		};
/* End PBXGroup section */

/* Begin PBXNativeTarget section */
		1E25959621FC4707004DE4FC /* Fonts */ = {
			isa = PBXNativeTarget;
			buildConfigurationList = 1E2595A921FC4708004DE4FC /* Build configuration list for PBXNativeTarget "Fonts" */;
			buildPhases = (
				1E25959321FC4707004DE4FC /* Sources */,
				1E25959421FC4707004DE4FC /* Frameworks */,
				1E25959521FC4707004DE4FC /* Resources */,
			);
			buildRules = (
			);
			dependencies = (
			);
			name = Fonts;
			productName = Fonts;
			productReference = 1E25959721FC4707004DE4FC /* Fonts.app */;
			productType = "com.apple.product-type.application";
		};
/* End PBXNativeTarget section */

/* Begin PBXProject section */
		1E25958F21FC4707004DE4FC /* Project object */ = {
			isa = PBXProject;
			attributes = {
				LastSwiftUpdateCheck = 1010;
				LastUpgradeCheck = 1010;
				ORGANIZATIONNAME = feihuihui;
				TargetAttributes = {
					1E25959621FC4707004DE4FC = {
						CreatedOnToolsVersion = 10.1;
					};
				};
			};
			buildConfigurationList = 1E25959221FC4707004DE4FC /* Build configuration list for PBXProject "Fonts" */;
			compatibilityVersion = "Xcode 9.3";
			developmentRegion = en;
			hasScannedForEncodings = 0;
			knownRegions = (
				en,
				Base,
			);
			mainGroup = 1E25958E21FC4707004DE4FC;
			productRefGroup = 1E25959821FC4707004DE4FC /* Products */;
			projectDirPath = "";
			projectRoot = "";
			targets = (
				1E25959621FC4707004DE4FC /* Fonts */,
			);
		};
/* End PBXProject section */

/* Begin PBXResourcesBuildPhase section */
		1E25959521FC4707004DE4FC /* Resources */ = {
			isa = PBXResourcesBuildPhase;
			buildActionMask = 2147483647;
			files = (
				1E2595A521FC4708004DE4FC /* LaunchScreen.storyboard in Resources */,
				1E2595A221FC4708004DE4FC /* Assets.xcassets in Resources */,
				1E2595A021FC4707004DE4FC /* Main.storyboard in Resources */,
			);
			runOnlyForDeploymentPostprocessing = 0;
		};
/* End PBXResourcesBuildPhase section */

/* Begin PBXSourcesBuildPhase section */
		1E25959321FC4707004DE4FC /* Sources */ = {
			isa = PBXSourcesBuildPhase;
			buildActionMask = 2147483647;
			files = (
				1E25959D21FC4707004DE4FC /* ViewController.swift in Sources */,
				1E25959B21FC4707004DE4FC /* AppDelegate.swift in Sources */,
				1E2595B121FC8D2B004DE4FC /* FontListViewController.swift in Sources */,
				1E2595AF21FC58FD004DE4FC /* RootViewController.swift in Sources */,
				1E2595B321FCA3AF004DE4FC /* FontSizesViewController.swift in Sources */,
				1E2595AD21FC5136004DE4FC /* FavoritesList.swift in Sources */,
				1E2595B521FCA58D004DE4FC /* FontInfoViewController.swift in Sources */,
			);
			runOnlyForDeploymentPostprocessing = 0;
		};
/* End PBXSourcesBuildPhase section */

/* Begin PBXVariantGroup section */
		1E25959E21FC4707004DE4FC /* Main.storyboard */ = {
			isa = PBXVariantGroup;
			children = (
				1E25959F21FC4707004DE4FC /* Base */,
			);
			name = Main.storyboard;
			sourceTree = "<group>";
		};
		1E2595A321FC4708004DE4FC /* LaunchScreen.storyboard */ = {
			isa = PBXVariantGroup;
			children = (
				1E2595A421FC4708004DE4FC /* Base */,
			);
			name = LaunchScreen.storyboard;
			sourceTree = "<group>";
		};
/* End PBXVariantGroup section */

/* Begin XCBuildConfiguration section */
		1E2595A721FC4708004DE4FC /* Debug */ = {
			isa = XCBuildConfiguration;
			buildSettings = {
				ALWAYS_SEARCH_USER_PATHS = NO;
				CLANG_ANALYZER_NONNULL = YES;
				CLANG_ANALYZER_NUMBER_OBJECT_CONVERSION = YES_AGGRESSIVE;
				CLANG_CXX_LANGUAGE_STANDARD = "gnu++14";
				CLANG_CXX_LIBRARY = "libc++";
				CLANG_ENABLE_MODULES = YES;
				CLANG_ENABLE_OBJC_ARC = YES;
				CLANG_ENABLE_OBJC_WEAK = YES;
				CLANG_WARN_BLOCK_CAPTURE_AUTORELEASING = YES;
				CLANG_WARN_BOOL_CONVERSION = YES;
				CLANG_WARN_COMMA = YES;
				CLANG_WARN_CONSTANT_CONVERSION = YES;
				CLANG_WARN_DEPRECATED_OBJC_IMPLEMENTATIONS = YES;
				CLANG_WARN_DIRECT_OBJC_ISA_USAGE = YES_ERROR;
				CLANG_WARN_DOCUMENTATION_COMMENTS = YES;
				CLANG_WARN_EMPTY_BODY = YES;
				CLANG_WARN_ENUM_CONVERSION = YES;
				CLANG_WARN_INFINITE_RECURSION = YES;
				CLANG_WARN_INT_CONVERSION = YES;
				CLANG_WARN_NON_LITERAL_NULL_CONVERSION = YES;
				CLANG_WARN_OBJC_IMPLICIT_RETAIN_SELF = YES;
				CLANG_WARN_OBJC_LITERAL_CONVERSION = YES;
				CLANG_WARN_OBJC_ROOT_CLASS = YES_ERROR;
				CLANG_WARN_RANGE_LOOP_ANALYSIS = YES;
				CLANG_WARN_STRICT_PROTOTYPES = YES;
				CLANG_WARN_SUSPICIOUS_MOVE = YES;
				CLANG_WARN_UNGUARDED_AVAILABILITY = YES_AGGRESSIVE;
				CLANG_WARN_UNREACHABLE_CODE = YES;
				CLANG_WARN__DUPLICATE_METHOD_MATCH = YES;
				CODE_SIGN_IDENTITY = "iPhone Developer";
				COPY_PHASE_STRIP = NO;
				DEBUG_INFORMATION_FORMAT = dwarf;
				ENABLE_STRICT_OBJC_MSGSEND = YES;
				ENABLE_TESTABILITY = YES;
				GCC_C_LANGUAGE_STANDARD = gnu11;
				GCC_DYNAMIC_NO_PIC = NO;
				GCC_NO_COMMON_BLOCKS = YES;
				GCC_OPTIMIZATION_LEVEL = 0;
				GCC_PREPROCESSOR_DEFINITIONS = (
					"DEBUG=1",
					"$(inherited)",
				);
				GCC_WARN_64_TO_32_BIT_CONVERSION = YES;
				GCC_WARN_ABOUT_RETURN_TYPE = YES_ERROR;
				GCC_WARN_UNDECLARED_SELECTOR = YES;
				GCC_WARN_UNINITIALIZED_AUTOS = YES_AGGRESSIVE;
				GCC_WARN_UNUSED_FUNCTION = YES;
				GCC_WARN_UNUSED_VARIABLE = YES;
				IPHONEOS_DEPLOYMENT_TARGET = 12.1;
				MTL_ENABLE_DEBUG_INFO = INCLUDE_SOURCE;
				MTL_FAST_MATH = YES;
				ONLY_ACTIVE_ARCH = YES;
				SDKROOT = iphoneos;
				SWIFT_ACTIVE_COMPILATION_CONDITIONS = DEBUG;
				SWIFT_OPTIMIZATION_LEVEL = "-Onone";
			};
			name = Debug;
		};
		1E2595A821FC4708004DE4FC /* Release */ = {
			isa = XCBuildConfiguration;
			buildSettings = {
				ALWAYS_SEARCH_USER_PATHS = NO;
				CLANG_ANALYZER_NONNULL = YES;
				CLANG_ANALYZER_NUMBER_OBJECT_CONVERSION = YES_AGGRESSIVE;
				CLANG_CXX_LANGUAGE_STANDARD = "gnu++14";
				CLANG_CXX_LIBRARY = "libc++";
				CLANG_ENABLE_MODULES = YES;
				CLANG_ENABLE_OBJC_ARC = YES;
				CLANG_ENABLE_OBJC_WEAK = YES;
				CLANG_WARN_BLOCK_CAPTURE_AUTORELEASING = YES;
				CLANG_WARN_BOOL_CONVERSION = YES;
				CLANG_WARN_COMMA = YES;
				CLANG_WARN_CONSTANT_CONVERSION = YES;
				CLANG_WARN_DEPRECATED_OBJC_IMPLEMENTATIONS = YES;
				CLANG_WARN_DIRECT_OBJC_ISA_USAGE = YES_ERROR;
				CLANG_WARN_DOCUMENTATION_COMMENTS = YES;
				CLANG_WARN_EMPTY_BODY = YES;
				CLANG_WARN_ENUM_CONVERSION = YES;
				CLANG_WARN_INFINITE_RECURSION = YES;
				CLANG_WARN_INT_CONVERSION = YES;
				CLANG_WARN_NON_LITERAL_NULL_CONVERSION = YES;
				CLANG_WARN_OBJC_IMPLICIT_RETAIN_SELF = YES;
				CLANG_WARN_OBJC_LITERAL_CONVERSION = YES;
				CLANG_WARN_OBJC_ROOT_CLASS = YES_ERROR;
				CLANG_WARN_RANGE_LOOP_ANALYSIS = YES;
				CLANG_WARN_STRICT_PROTOTYPES = YES;
				CLANG_WARN_SUSPICIOUS_MOVE = YES;
				CLANG_WARN_UNGUARDED_AVAILABILITY = YES_AGGRESSIVE;
				CLANG_WARN_UNREACHABLE_CODE = YES;
				CLANG_WARN__DUPLICATE_METHOD_MATCH = YES;
				CODE_SIGN_IDENTITY = "iPhone Developer";
				COPY_PHASE_STRIP = NO;
				DEBUG_INFORMATION_FORMAT = "dwarf-with-dsym";
				ENABLE_NS_ASSERTIONS = NO;
				ENABLE_STRICT_OBJC_MSGSEND = YES;
				GCC_C_LANGUAGE_STANDARD = gnu11;
				GCC_NO_COMMON_BLOCKS = YES;
				GCC_WARN_64_TO_32_BIT_CONVERSION = YES;
				GCC_WARN_ABOUT_RETURN_TYPE = YES_ERROR;
				GCC_WARN_UNDECLARED_SELECTOR = YES;
				GCC_WARN_UNINITIALIZED_AUTOS = YES_AGGRESSIVE;
				GCC_WARN_UNUSED_FUNCTION = YES;
				GCC_WARN_UNUSED_VARIABLE = YES;
				IPHONEOS_DEPLOYMENT_TARGET = 12.1;
				MTL_ENABLE_DEBUG_INFO = NO;
				MTL_FAST_MATH = YES;
				SDKROOT = iphoneos;
				SWIFT_COMPILATION_MODE = wholemodule;
				SWIFT_OPTIMIZATION_LEVEL = "-O";
				VALIDATE_PRODUCT = YES;
			};
			name = Release;
		};
		1E2595AA21FC4708004DE4FC /* Debug */ = {
			isa = XCBuildConfiguration;
			buildSettings = {
				ASSETCATALOG_COMPILER_APPICON_NAME = AppIcon;
				CODE_SIGN_STYLE = Automatic;
				DEVELOPMENT_TEAM = M9LW8Y5MSJ;
				INFOPLIST_FILE = Fonts/Info.plist;
				LD_RUNPATH_SEARCH_PATHS = (
					"$(inherited)",
					"@executable_path/Frameworks",
				);
				PRODUCT_BUNDLE_IDENTIFIER = org.feihuihui.Fonts;
				PRODUCT_NAME = "$(TARGET_NAME)";
				SWIFT_VERSION = 4.2;
				TARGETED_DEVICE_FAMILY = "1,2";
			};
			name = Debug;
		};
		1E2595AB21FC4708004DE4FC /* Release */ = {
			isa = XCBuildConfiguration;
			buildSettings = {
				ASSETCATALOG_COMPILER_APPICON_NAME = AppIcon;
				CODE_SIGN_STYLE = Automatic;
				DEVELOPMENT_TEAM = M9LW8Y5MSJ;
				INFOPLIST_FILE = Fonts/Info.plist;
				LD_RUNPATH_SEARCH_PATHS = (
					"$(inherited)",
					"@executable_path/Frameworks",
				);
				PRODUCT_BUNDLE_IDENTIFIER = org.feihuihui.Fonts;
				PRODUCT_NAME = "$(TARGET_NAME)";
				SWIFT_VERSION = 4.2;
				TARGETED_DEVICE_FAMILY = "1,2";
			};
			name = Release;
		};
/* End XCBuildConfiguration section */

/* Begin XCConfigurationList section */
		1E25959221FC4707004DE4FC /* Build configuration list for PBXProject "Fonts" */ = {
			isa = XCConfigurationList;
			buildConfigurations = (
				1E2595A721FC4708004DE4FC /* Debug */,
				1E2595A821FC4708004DE4FC /* Release */,
			);
			defaultConfigurationIsVisible = 0;
			defaultConfigurationName = Release;
		};
		1E2595A921FC4708004DE4FC /* Build configuration list for PBXNativeTarget "Fonts" */ = {
			isa = XCConfigurationList;
			buildConfigurations = (
				1E2595AA21FC4708004DE4FC /* Debug */,
				1E2595AB21FC4708004DE4FC /* Release */,
			);
			defaultConfigurationIsVisible = 0;
			defaultConfigurationName = Release;
		};
/* End XCConfigurationList section */
	};
	rootObject = 1E25958F21FC4707004DE4FC /* Project object */;
}
