
Microsoft Visual Studio Solution File, Format Version 12.00
# Visual Studio 15
VisualStudioVersion = 15.0.27428.2015
MinimumVisualStudioVersion = 10.0.40219.1
Project("{FAE04EC0-301F-11D3-BF4B-00C04F79EFBC}") = "fsharp-classes-refering", "fsharp-classes-refering\fsharp-classes-refering.csproj", "{45E6BAFF-0F2C-4C0D-AF82-40A47694B22C}"
EndProject
Project("{F2A71F9B-5D33-465A-A702-920D77279786}") = "FSharpTest", "FSharpTest\FSharpTest.fsproj", "{AF0D85EF-1EE3-414D-B781-29E4DDAAE000}"
EndProject
Global
	GlobalSection(SolutionConfigurationPlatforms) = preSolution
		Debug|Any CPU = Debug|Any CPU
		Release|Any CPU = Release|Any CPU
	EndGlobalSection
	GlobalSection(ProjectConfigurationPlatforms) = postSolution
		{45E6BAFF-0F2C-4C0D-AF82-40A47694B22C}.Debug|Any CPU.ActiveCfg = Debug|Any CPU
		{45E6BAFF-0F2C-4C0D-AF82-40A47694B22C}.Debug|Any CPU.Build.0 = Debug|Any CPU
		{45E6BAFF-0F2C-4C0D-AF82-40A47694B22C}.Release|Any CPU.ActiveCfg = Release|Any CPU
		{45E6BAFF-0F2C-4C0D-AF82-40A47694B22C}.Release|Any CPU.Build.0 = Release|Any CPU
		{AF0D85EF-1EE3-414D-B781-29E4DDAAE000}.Debug|Any CPU.ActiveCfg = Debug|Any CPU
		{AF0D85EF-1EE3-414D-B781-29E4DDAAE000}.Debug|Any CPU.Build.0 = Debug|Any CPU
		{AF0D85EF-1EE3-414D-B781-29E4DDAAE000}.Release|Any CPU.ActiveCfg = Release|Any CPU
		{AF0D85EF-1EE3-414D-B781-29E4DDAAE000}.Release|Any CPU.Build.0 = Release|Any CPU
	EndGlobalSection
	GlobalSection(SolutionProperties) = preSolution
		HideSolutionNode = FALSE
	EndGlobalSection
	GlobalSection(ExtensibilityGlobals) = postSolution
		SolutionGuid = {913D9E98-196C-4BF5-9F3D-EAE4FC1D063C}
	EndGlobalSection
EndGlobal
